{
  "version": 4,
  "terraform_version": "1.13.5",
  "serial": 7,
  "lineage": "fe3de6b2-3a01-a9a8-6b89-0689698333a8",
  "outputs": {},
  "resources": [
    {
      "mode": "managed",
      "type": "yandex_container_registry",
      "name": "my-registry",
      "provider": "provider[\"registry.terraform.io/yandex-cloud/yandex\"]",
      "instances": [
        {
          "schema_version": 1,
          "attributes": {
            "created_at": "2025-11-16T17:42:15Z",
            "folder_id": "b1gb7j2geam72752ec6t",
            "id": "crp1kr796mo1d1t38g6v",
            "labels": null,
            "name": "latest-registry",
            "registry_id": "crp1kr796mo1d1t38g6v",
            "status": "ACTIVE",
            "timeouts": null
          },
          "sensitive_attributes": [],
          "identity_schema_version": 0
        }
      ]
    },
    {
      "mode": "managed",
      "type": "yandex_iam_service_account",
      "name": "registry-sa",
      "provider": "provider[\"registry.terraform.io/yandex-cloud/yandex\"]",
      "instances": [
        {
          "schema_version": 1,
          "attributes": {
            "created_at": "2025-11-16T17:42:15Z",
            "description": "",
            "folder_id": "b1gb7j2geam72752ec6t",
            "id": "ajejdtp33dthd2aaalis",
            "name": "test-latest",
            "service_account_id": "ajejdtp33dthd2aaalis",
            "timeouts": null
          },
          "sensitive_attributes": [],
          "identity_schema_version": 0
        }
      ]
    },
    {
      "mode": "managed",
      "type": "yandex_resourcemanager_folder_iam_member",
      "name": "registry-sa-role-images-puller",
      "provider": "provider[\"registry.terraform.io/yandex-cloud/yandex\"]",
      "instances": [
        {
          "schema_version": 0,
          "attributes": {
            "folder_id": "b1gb7j2geam72752ec6t",
            "member": "serviceAccount:ajejdtp33dthd2aaalis",
            "role": "container-registry.images.puller",
            "sleep_after": null
          },
          "sensitive_attributes": [],
          "identity_schema_version": 0,
          "dependencies": [
            "yandex_iam_service_account.registry-sa"
          ]
        }
      ]
    },
    {
      "mode": "managed",
      "type": "yandex_vpc_network",
      "name": "docker-vm-network",
      "provider": "provider[\"registry.terraform.io/yandex-cloud/yandex\"]",
      "instances": [
        {
          "schema_version": 0,
          "attributes": {
            "created_at": "2025-11-16T17:42:15Z",
            "default_security_group_id": "enpm2r76cqeh1bb5n2ml",
            "description": "",
            "folder_id": "b1gb7j2geam72752ec6t",
            "id": "enpv7fi0opqlj8lnhqej",
            "labels": {},
            "name": "latest",
            "subnet_ids": [],
            "timeouts": null
          },
          "sensitive_attributes": [],
          "identity_schema_version": 0,
          "private": "eyJlMmJmYjczMC1lY2FhLTExZTYtOGY4OC0zNDM2M2JjN2M0YzAiOnsiY3JlYXRlIjo2MDAwMDAwMDAwMCwiZGVsZXRlIjo2MDAwMDAwMDAwMCwidXBkYXRlIjo2MDAwMDAwMDAwMH19"
        }
      ]
    },
    {
      "mode": "managed",
      "type": "yandex_vpc_subnet",
      "name": "docker-vm-network-subnet-a",
      "provider": "provider[\"registry.terraform.io/yandex-cloud/yandex\"]",
      "instances": [
        {
          "schema_version": 0,
          "attributes": {
            "created_at": "2025-11-16T17:42:19Z",
            "description": "",
            "dhcp_options": [],
            "folder_id": "b1gb7j2geam72752ec6t",
            "id": "e9b5k92tf7rgp6djt0d2",
            "labels": {},
            "name": "latest",
            "network_id": "enpv7fi0opqlj8lnhqej",
            "route_table_id": "",
            "timeouts": null,
            "v4_cidr_blocks": [
              "192.168.1.0/24"
            ],
            "v6_cidr_blocks": [],
            "zone": "ru-central1-a"
          },
          "sensitive_attributes": [],
          "identity_schema_version": 0,
          "private": "eyJlMmJmYjczMC1lY2FhLTExZTYtOGY4OC0zNDM2M2JjN2M0YzAiOnsiY3JlYXRlIjoxODAwMDAwMDAwMDAsImRlbGV0ZSI6MTgwMDAwMDAwMDAwLCJ1cGRhdGUiOjE4MDAwMDAwMDAwMH19",
          "dependencies": [
            "yandex_vpc_network.docker-vm-network"
          ]
        }
      ]
    }
  ],
  "check_results": null
}
